
Microsoft Visual Studio Solution File, Format Version 12.00
# Visual Studio 15
VisualStudioVersion = 15.0.28010.2036
MinimumVisualStudioVersion = 10.0.40219.1
Project("{FAE04EC0-301F-11D3-BF4B-00C04F79EFBC}") = "danhsachcongviec", "danhsachcongviec\danhsachcongviec.csproj", "{38DC530B-4A00-407E-8F19-BAAA8A291803}"
EndProject
Global
	GlobalSection(SolutionConfigurationPlatforms) = preSolution
		Debug|Any CPU = Debug|Any CPU
		Release|Any CPU = Release|Any CPU
	EndGlobalSection
	GlobalSection(ProjectConfigurationPlatforms) = postSolution
		{38DC530B-4A00-407E-8F19-BAAA8A291803}.Debug|Any CPU.ActiveCfg = Debug|Any CPU
		{38DC530B-4A00-407E-8F19-BAAA8A291803}.Debug|Any CPU.Build.0 = Debug|Any CPU
		{38DC530B-4A00-407E-8F19-BAAA8A291803}.Release|Any CPU.ActiveCfg = Release|Any CPU
		{38DC530B-4A00-407E-8F19-BAAA8A291803}.Release|Any CPU.Build.0 = Release|Any CPU
	EndGlobalSection
	GlobalSection(SolutionProperties) = preSolution
		HideSolutionNode = FALSE
	EndGlobalSection
	GlobalSection(ExtensibilityGlobals) = postSolution
		SolutionGuid = {96162546-595F-4F37-90EE-457700ED5B0B}
	EndGlobalSection
EndGlobal
